
Microsoft Visual Studio Solution File, Format Version 12.00
# Visual Studio Version 17
VisualStudioVersion = 17.5.33516.290
MinimumVisualStudioVersion = 10.0.40219.1
Project("{FAE04EC0-301F-11D3-BF4B-00C04F79EFBC}") = "MTTechnicalQuestion2", "MTTechnicalQuestion2\MTTechnicalQuestion2.csproj", "{DDC8B61E-0CEA-4DDE-98E6-8A2935BE60ED}"
EndProject
Global
	GlobalSection(SolutionConfigurationPlatforms) = preSolution
		Debug|Any CPU = Debug|Any CPU
		Release|Any CPU = Release|Any CPU
	EndGlobalSection
	GlobalSection(ProjectConfigurationPlatforms) = postSolution
		{DDC8B61E-0CEA-4DDE-98E6-8A2935BE60ED}.Debug|Any CPU.ActiveCfg = Debug|Any CPU
		{DDC8B61E-0CEA-4DDE-98E6-8A2935BE60ED}.Debug|Any CPU.Build.0 = Debug|Any CPU
		{DDC8B61E-0CEA-4DDE-98E6-8A2935BE60ED}.Release|Any CPU.ActiveCfg = Release|Any CPU
		{DDC8B61E-0CEA-4DDE-98E6-8A2935BE60ED}.Release|Any CPU.Build.0 = Release|Any CPU
	EndGlobalSection
	GlobalSection(SolutionProperties) = preSolution
		HideSolutionNode = FALSE
	EndGlobalSection
	GlobalSection(ExtensibilityGlobals) = postSolution
		SolutionGuid = {89E82F91-0E79-498A-9656-559928161F34}
	EndGlobalSection
EndGlobal
